// !$*UTF8*$!
{
	archiveVersion = 1;
	classes = {
	};
	objectVersion = 46;
	objects = {

/* Begin PBXBuildFile section */
		0C8367D93947238B26C10347 /* Pods_EasyMOOC.framework in Frameworks */ = {isa = PBXBuildFile; fileRef = D5A5C9C56912058BAE22A330 /* Pods_EasyMOOC.framework */; };
		1E20DA561E233BED00899FCA /* LoginViewController.swift in Sources */ = {isa = PBXBuildFile; fileRef = 1E20DA551E233BED00899FCA /* LoginViewController.swift */; };
		1E2B5DBB1E1C94780062CB37 /* AppDelegate.swift in Sources */ = {isa = PBXBuildFile; fileRef = 1E2B5DBA1E1C94780062CB37 /* AppDelegate.swift */; };
		1E2B5DC01E1C94780062CB37 /* Main.storyboard in Resources */ = {isa = PBXBuildFile; fileRef = 1E2B5DBE1E1C94780062CB37 /* Main.storyboard */; };
		1E2B5DC31E1C94780062CB37 /* EasyMOOC.xcdatamodeld in Sources */ = {isa = PBXBuildFile; fileRef = 1E2B5DC11E1C94780062CB37 /* EasyMOOC.xcdatamodeld */; };
		1E2B5DC51E1C94780062CB37 /* Assets.xcassets in Resources */ = {isa = PBXBuildFile; fileRef = 1E2B5DC41E1C94780062CB37 /* Assets.xcassets */; };
		1E2B5DC81E1C94780062CB37 /* LaunchScreen.storyboard in Resources */ = {isa = PBXBuildFile; fileRef = 1E2B5DC61E1C94780062CB37 /* LaunchScreen.storyboard */; };
		1EBB902E1E273733002C7340 /* Constant.swift in Sources */ = {isa = PBXBuildFile; fileRef = 1EBB902D1E273733002C7340 /* Constant.swift */; };
		1EBB90301E274DE7002C7340 /* Extension.swift in Sources */ = {isa = PBXBuildFile; fileRef = 1EBB902F1E274DE7002C7340 /* Extension.swift */; };
/* End PBXBuildFile section */

/* Begin PBXFileReference section */
		1E20DA551E233BED00899FCA /* LoginViewController.swift */ = {isa = PBXFileReference; fileEncoding = 4; lastKnownFileType = sourcecode.swift; path = LoginViewController.swift; sourceTree = "<group>"; };
		1E2B5DB71E1C94780062CB37 /* EasyMOOC.app */ = {isa = PBXFileReference; explicitFileType = wrapper.application; includeInIndex = 0; path = EasyMOOC.app; sourceTree = BUILT_PRODUCTS_DIR; };
		1E2B5DBA1E1C94780062CB37 /* AppDelegate.swift */ = {isa = PBXFileReference; lastKnownFileType = sourcecode.swift; path = AppDelegate.swift; sourceTree = "<group>"; };
		1E2B5DBF1E1C94780062CB37 /* Base */ = {isa = PBXFileReference; lastKnownFileType = file.storyboard; name = Base; path = Base.lproj/Main.storyboard; sourceTree = "<group>"; };
		1E2B5DC21E1C94780062CB37 /* EasyMOOC.xcdatamodel */ = {isa = PBXFileReference; lastKnownFileType = wrapper.xcdatamodel; path = EasyMOOC.xcdatamodel; sourceTree = "<group>"; };
		1E2B5DC41E1C94780062CB37 /* Assets.xcassets */ = {isa = PBXFileReference; lastKnownFileType = folder.assetcatalog; path = Assets.xcassets; sourceTree = "<group>"; };
		1E2B5DC71E1C94780062CB37 /* Base */ = {isa = PBXFileReference; lastKnownFileType = file.storyboard; name = Base; path = Base.lproj/LaunchScreen.storyboard; sourceTree = "<group>"; };
		1E2B5DC91E1C94780062CB37 /* Info.plist */ = {isa = PBXFileReference; lastKnownFileType = text.plist.xml; path = Info.plist; sourceTree = "<group>"; };
		1EBB902D1E273733002C7340 /* Constant.swift */ = {isa = PBXFileReference; fileEncoding = 4; lastKnownFileType = sourcecode.swift; name = Constant.swift; path = Helper/Constant.swift; sourceTree = "<group>"; };
		1EBB902F1E274DE7002C7340 /* Extension.swift */ = {isa = PBXFileReference; fileEncoding = 4; lastKnownFileType = sourcecode.swift; name = Extension.swift; path = Helper/Extension.swift; sourceTree = "<group>"; };
		4EAD53359F7180B40A9D2577 /* Pods-EasyMOOC.debug.xcconfig */ = {isa = PBXFileReference; includeInIndex = 1; lastKnownFileType = text.xcconfig; name = "Pods-EasyMOOC.debug.xcconfig"; path = "Pods/Target Support Files/Pods-EasyMOOC/Pods-EasyMOOC.debug.xcconfig"; sourceTree = "<group>"; };
		BB052F2EBB5C78D56D1A0451 /* Pods-EasyMOOC.release.xcconfig */ = {isa = PBXFileReference; includeInIndex = 1; lastKnownFileType = text.xcconfig; name = "Pods-EasyMOOC.release.xcconfig"; path = "Pods/Target Support Files/Pods-EasyMOOC/Pods-EasyMOOC.release.xcconfig"; sourceTree = "<group>"; };
		D5A5C9C56912058BAE22A330 /* Pods_EasyMOOC.framework */ = {isa = PBXFileReference; explicitFileType = wrapper.framework; includeInIndex = 0; path = Pods_EasyMOOC.framework; sourceTree = BUILT_PRODUCTS_DIR; };
/* End PBXFileReference section */

/* Begin PBXFrameworksBuildPhase section */
		1E2B5DB41E1C94780062CB37 /* Frameworks */ = {
			isa = PBXFrameworksBuildPhase;
			buildActionMask = 2147483647;
			files = (
				0C8367D93947238B26C10347 /* Pods_EasyMOOC.framework in Frameworks */,
			);
			runOnlyForDeploymentPostprocessing = 0;
		};
/* End PBXFrameworksBuildPhase section */

/* Begin PBXGroup section */
		1E2B5DAE1E1C94780062CB37 = {
			isa = PBXGroup;
			children = (
				1E2B5DB91E1C94780062CB37 /* EasyMOOC */,
				1E2B5DB81E1C94780062CB37 /* Products */,
				E79C13F4316A4A146FF83CCB /* Pods */,
				7149FF36DD6FB25C6947F0A5 /* Frameworks */,
			);
			sourceTree = "<group>";
		};
		1E2B5DB81E1C94780062CB37 /* Products */ = {
			isa = PBXGroup;
			children = (
				1E2B5DB71E1C94780062CB37 /* EasyMOOC.app */,
			);
			name = Products;
			sourceTree = "<group>";
		};
		1E2B5DB91E1C94780062CB37 /* EasyMOOC */ = {
			isa = PBXGroup;
			children = (
				1EBB902C1E27370F002C7340 /* Helper */,
				1E2B5DBA1E1C94780062CB37 /* AppDelegate.swift */,
				1E2B5DBE1E1C94780062CB37 /* Main.storyboard */,
				1E20DA551E233BED00899FCA /* LoginViewController.swift */,
				1E2B5DC41E1C94780062CB37 /* Assets.xcassets */,
				1E2B5DC61E1C94780062CB37 /* LaunchScreen.storyboard */,
				1E2B5DC91E1C94780062CB37 /* Info.plist */,
				1E2B5DC11E1C94780062CB37 /* EasyMOOC.xcdatamodeld */,
			);
			path = EasyMOOC;
			sourceTree = "<group>";
		};
		1EBB902C1E27370F002C7340 /* Helper */ = {
			isa = PBXGroup;
			children = (
				1EBB902D1E273733002C7340 /* Constant.swift */,
				1EBB902F1E274DE7002C7340 /* Extension.swift */,
			);
			name = Helper;
			sourceTree = "<group>";
		};
		7149FF36DD6FB25C6947F0A5 /* Frameworks */ = {
			isa = PBXGroup;
			children = (
				D5A5C9C56912058BAE22A330 /* Pods_EasyMOOC.framework */,
			);
			name = Frameworks;
			sourceTree = "<group>";
		};
		E79C13F4316A4A146FF83CCB /* Pods */ = {
			isa = PBXGroup;
			children = (
				4EAD53359F7180B40A9D2577 /* Pods-EasyMOOC.debug.xcconfig */,
				BB052F2EBB5C78D56D1A0451 /* Pods-EasyMOOC.release.xcconfig */,
			);
			name = Pods;
			sourceTree = "<group>";
		};
/* End PBXGroup section */

/* Begin PBXNativeTarget section */
		1E2B5DB61E1C94780062CB37 /* EasyMOOC */ = {
			isa = PBXNativeTarget;
			buildConfigurationList = 1E2B5DCC1E1C94780062CB37 /* Build configuration list for PBXNativeTarget "EasyMOOC" */;
			buildPhases = (
				1929E5931A1CAAB9068123BD /* [CP] Check Pods Manifest.lock */,
				1E2B5DB31E1C94780062CB37 /* Sources */,
				1E2B5DB41E1C94780062CB37 /* Frameworks */,
				1E2B5DB51E1C94780062CB37 /* Resources */,
				EFF3AC05F6FEE69B587D41B0 /* [CP] Embed Pods Frameworks */,
				DD1AE0CA63EC0F62E7580EA8 /* [CP] Copy Pods Resources */,
			);
			buildRules = (
			);
			dependencies = (
			);
			name = EasyMOOC;
			productName = EasyMOOC;
			productReference = 1E2B5DB71E1C94780062CB37 /* EasyMOOC.app */;
			productType = "com.apple.product-type.application";
		};
/* End PBXNativeTarget section */

/* Begin PBXProject section */
		1E2B5DAF1E1C94780062CB37 /* Project object */ = {
			isa = PBXProject;
			attributes = {
				LastSwiftUpdateCheck = 0810;
				LastUpgradeCheck = 0810;
				ORGANIZATIONNAME = "高存折";
				TargetAttributes = {
					1E2B5DB61E1C94780062CB37 = {
						CreatedOnToolsVersion = 8.1;
						DevelopmentTeam = 234U2QHE6X;
						ProvisioningStyle = Automatic;
					};
				};
			};
			buildConfigurationList = 1E2B5DB21E1C94780062CB37 /* Build configuration list for PBXProject "EasyMOOC" */;
			compatibilityVersion = "Xcode 3.2";
			developmentRegion = English;
			hasScannedForEncodings = 0;
			knownRegions = (
				en,
				Base,
			);
			mainGroup = 1E2B5DAE1E1C94780062CB37;
			productRefGroup = 1E2B5DB81E1C94780062CB37 /* Products */;
			projectDirPath = "";
			projectRoot = "";
			targets = (
				1E2B5DB61E1C94780062CB37 /* EasyMOOC */,
			);
		};
/* End PBXProject section */

/* Begin PBXResourcesBuildPhase section */
		1E2B5DB51E1C94780062CB37 /* Resources */ = {
			isa = PBXResourcesBuildPhase;
			buildActionMask = 2147483647;
			files = (
				1E2B5DC81E1C94780062CB37 /* LaunchScreen.storyboard in Resources */,
				1E2B5DC51E1C94780062CB37 /* Assets.xcassets in Resources */,
				1E2B5DC01E1C94780062CB37 /* Main.storyboard in Resources */,
			);
			runOnlyForDeploymentPostprocessing = 0;
		};
/* End PBXResourcesBuildPhase section */

/* Begin PBXShellScriptBuildPhase section */
		1929E5931A1CAAB9068123BD /* [CP] Check Pods Manifest.lock */ = {
			isa = PBXShellScriptBuildPhase;
			buildActionMask = 2147483647;
			files = (
			);
			inputPaths = (
			);
			name = "[CP] Check Pods Manifest.lock";
			outputPaths = (
			);
			runOnlyForDeploymentPostprocessing = 0;
			shellPath = /bin/sh;
			shellScript = "diff \"${PODS_ROOT}/../Podfile.lock\" \"${PODS_ROOT}/Manifest.lock\" > /dev/null\nif [ $? != 0 ] ; then\n    # print error to STDERR\n    echo \"error: The sandbox is not in sync with the Podfile.lock. Run 'pod install' or update your CocoaPods installation.\" >&2\n    exit 1\nfi\n";
			showEnvVarsInLog = 0;
		};
		DD1AE0CA63EC0F62E7580EA8 /* [CP] Copy Pods Resources */ = {
			isa = PBXShellScriptBuildPhase;
			buildActionMask = 2147483647;
			files = (
			);
			inputPaths = (
			);
			name = "[CP] Copy Pods Resources";
			outputPaths = (
			);
			runOnlyForDeploymentPostprocessing = 0;
			shellPath = /bin/sh;
			shellScript = "\"${SRCROOT}/Pods/Target Support Files/Pods-EasyMOOC/Pods-EasyMOOC-resources.sh\"\n";
			showEnvVarsInLog = 0;
		};
		EFF3AC05F6FEE69B587D41B0 /* [CP] Embed Pods Frameworks */ = {
			isa = PBXShellScriptBuildPhase;
			buildActionMask = 2147483647;
			files = (
			);
			inputPaths = (
			);
			name = "[CP] Embed Pods Frameworks";
			outputPaths = (
			);
			runOnlyForDeploymentPostprocessing = 0;
			shellPath = /bin/sh;
			shellScript = "\"${SRCROOT}/Pods/Target Support Files/Pods-EasyMOOC/Pods-EasyMOOC-frameworks.sh\"\n";
			showEnvVarsInLog = 0;
		};
/* End PBXShellScriptBuildPhase section */

/* Begin PBXSourcesBuildPhase section */
		1E2B5DB31E1C94780062CB37 /* Sources */ = {
			isa = PBXSourcesBuildPhase;
			buildActionMask = 2147483647;
			files = (
				1EBB90301E274DE7002C7340 /* Extension.swift in Sources */,
				1E20DA561E233BED00899FCA /* LoginViewController.swift in Sources */,
				1E2B5DBB1E1C94780062CB37 /* AppDelegate.swift in Sources */,
				1E2B5DC31E1C94780062CB37 /* EasyMOOC.xcdatamodeld in Sources */,
				1EBB902E1E273733002C7340 /* Constant.swift in Sources */,
			);
			runOnlyForDeploymentPostprocessing = 0;
		};
/* End PBXSourcesBuildPhase section */

/* Begin PBXVariantGroup section */
		1E2B5DBE1E1C94780062CB37 /* Main.storyboard */ = {
			isa = PBXVariantGroup;
			children = (
				1E2B5DBF1E1C94780062CB37 /* Base */,
			);
			name = Main.storyboard;
			sourceTree = "<group>";
		};
		1E2B5DC61E1C94780062CB37 /* LaunchScreen.storyboard */ = {
			isa = PBXVariantGroup;
			children = (
				1E2B5DC71E1C94780062CB37 /* Base */,
			);
			name = LaunchScreen.storyboard;
			sourceTree = "<group>";
		};
/* End PBXVariantGroup section */

/* Begin XCBuildConfiguration section */
		1E2B5DCA1E1C94780062CB37 /* Debug */ = {
			isa = XCBuildConfiguration;
			buildSettings = {
				ALWAYS_SEARCH_USER_PATHS = NO;
				CLANG_ANALYZER_NONNULL = YES;
				CLANG_CXX_LANGUAGE_STANDARD = "gnu++0x";
				CLANG_CXX_LIBRARY = "libc++";
				CLANG_ENABLE_MODULES = YES;
				CLANG_ENABLE_OBJC_ARC = YES;
				CLANG_WARN_BOOL_CONVERSION = YES;
				CLANG_WARN_CONSTANT_CONVERSION = YES;
				CLANG_WARN_DIRECT_OBJC_ISA_USAGE = YES_ERROR;
				CLANG_WARN_DOCUMENTATION_COMMENTS = YES;
				CLANG_WARN_EMPTY_BODY = YES;
				CLANG_WARN_ENUM_CONVERSION = YES;
				CLANG_WARN_INFINITE_RECURSION = YES;
				CLANG_WARN_INT_CONVERSION = YES;
				CLANG_WARN_OBJC_ROOT_CLASS = YES_ERROR;
				CLANG_WARN_SUSPICIOUS_MOVES = YES;
				CLANG_WARN_UNREACHABLE_CODE = YES;
				CLANG_WARN__DUPLICATE_METHOD_MATCH = YES;
				"CODE_SIGN_IDENTITY[sdk=iphoneos*]" = "iPhone Developer";
				COPY_PHASE_STRIP = NO;
				DEBUG_INFORMATION_FORMAT = dwarf;
				ENABLE_STRICT_OBJC_MSGSEND = YES;
				ENABLE_TESTABILITY = YES;
				GCC_C_LANGUAGE_STANDARD = gnu99;
				GCC_DYNAMIC_NO_PIC = NO;
				GCC_NO_COMMON_BLOCKS = YES;
				GCC_OPTIMIZATION_LEVEL = 0;
				GCC_PREPROCESSOR_DEFINITIONS = (
					"DEBUG=1",
					"$(inherited)",
				);
				GCC_WARN_64_TO_32_BIT_CONVERSION = YES;
				GCC_WARN_ABOUT_RETURN_TYPE = YES_ERROR;
				GCC_WARN_UNDECLARED_SELECTOR = YES;
				GCC_WARN_UNINITIALIZED_AUTOS = YES_AGGRESSIVE;
				GCC_WARN_UNUSED_FUNCTION = YES;
				GCC_WARN_UNUSED_VARIABLE = YES;
				IPHONEOS_DEPLOYMENT_TARGET = 10.1;
				MTL_ENABLE_DEBUG_INFO = YES;
				ONLY_ACTIVE_ARCH = YES;
				SDKROOT = iphoneos;
				SWIFT_ACTIVE_COMPILATION_CONDITIONS = DEBUG;
				SWIFT_OPTIMIZATION_LEVEL = "-Onone";
				TARGETED_DEVICE_FAMILY = "1,2";
			};
			name = Debug;
		};
		1E2B5DCB1E1C94780062CB37 /* Release */ = {
			isa = XCBuildConfiguration;
			buildSettings = {
				ALWAYS_SEARCH_USER_PATHS = NO;
				CLANG_ANALYZER_NONNULL = YES;
				CLANG_CXX_LANGUAGE_STANDARD = "gnu++0x";
				CLANG_CXX_LIBRARY = "libc++";
				CLANG_ENABLE_MODULES = YES;
				CLANG_ENABLE_OBJC_ARC = YES;
				CLANG_WARN_BOOL_CONVERSION = YES;
				CLANG_WARN_CONSTANT_CONVERSION = YES;
				CLANG_WARN_DIRECT_OBJC_ISA_USAGE = YES_ERROR;
				CLANG_WARN_DOCUMENTATION_COMMENTS = YES;
				CLANG_WARN_EMPTY_BODY = YES;
				CLANG_WARN_ENUM_CONVERSION = YES;
				CLANG_WARN_INFINITE_RECURSION = YES;
				CLANG_WARN_INT_CONVERSION = YES;
				CLANG_WARN_OBJC_ROOT_CLASS = YES_ERROR;
				CLANG_WARN_SUSPICIOUS_MOVES = YES;
				CLANG_WARN_UNREACHABLE_CODE = YES;
				CLANG_WARN__DUPLICATE_METHOD_MATCH = YES;
				"CODE_SIGN_IDENTITY[sdk=iphoneos*]" = "iPhone Developer";
				COPY_PHASE_STRIP = NO;
				DEBUG_INFORMATION_FORMAT = "dwarf-with-dsym";
				ENABLE_NS_ASSERTIONS = NO;
				ENABLE_STRICT_OBJC_MSGSEND = YES;
				GCC_C_LANGUAGE_STANDARD = gnu99;
				GCC_NO_COMMON_BLOCKS = YES;
				GCC_WARN_64_TO_32_BIT_CONVERSION = YES;
				GCC_WARN_ABOUT_RETURN_TYPE = YES_ERROR;
				GCC_WARN_UNDECLARED_SELECTOR = YES;
				GCC_WARN_UNINITIALIZED_AUTOS = YES_AGGRESSIVE;
				GCC_WARN_UNUSED_FUNCTION = YES;
				GCC_WARN_UNUSED_VARIABLE = YES;
				IPHONEOS_DEPLOYMENT_TARGET = 10.1;
				MTL_ENABLE_DEBUG_INFO = NO;
				SDKROOT = iphoneos;
				SWIFT_OPTIMIZATION_LEVEL = "-Owholemodule";
				TARGETED_DEVICE_FAMILY = "1,2";
				VALIDATE_PRODUCT = YES;
			};
			name = Release;
		};
		1E2B5DCD1E1C94780062CB37 /* Debug */ = {
			isa = XCBuildConfiguration;
			baseConfigurationReference = 4EAD53359F7180B40A9D2577 /* Pods-EasyMOOC.debug.xcconfig */;
			buildSettings = {
				ASSETCATALOG_COMPILER_APPICON_NAME = AppIcon;
				DEVELOPMENT_TEAM = 234U2QHE6X;
				INFOPLIST_FILE = EasyMOOC/Info.plist;
				LD_RUNPATH_SEARCH_PATHS = "$(inherited) @executable_path/Frameworks";
				PRODUCT_BUNDLE_IDENTIFIER = com.kubrick..EasyMOOC;
				PRODUCT_NAME = "$(TARGET_NAME)";
				SWIFT_VERSION = 3.0;
			};
			name = Debug;
		};
		1E2B5DCE1E1C94780062CB37 /* Release */ = {
			isa = XCBuildConfiguration;
			baseConfigurationReference = BB052F2EBB5C78D56D1A0451 /* Pods-EasyMOOC.release.xcconfig */;
			buildSettings = {
				ASSETCATALOG_COMPILER_APPICON_NAME = AppIcon;
				DEVELOPMENT_TEAM = 234U2QHE6X;
				INFOPLIST_FILE = EasyMOOC/Info.plist;
				LD_RUNPATH_SEARCH_PATHS = "$(inherited) @executable_path/Frameworks";
				PRODUCT_BUNDLE_IDENTIFIER = com.kubrick..EasyMOOC;
				PRODUCT_NAME = "$(TARGET_NAME)";
				SWIFT_VERSION = 3.0;
			};
			name = Release;
		};
/* End XCBuildConfiguration section */

/* Begin XCConfigurationList section */
		1E2B5DB21E1C94780062CB37 /* Build configuration list for PBXProject "EasyMOOC" */ = {
			isa = XCConfigurationList;
			buildConfigurations = (
				1E2B5DCA1E1C94780062CB37 /* Debug */,
				1E2B5DCB1E1C94780062CB37 /* Release */,
			);
			defaultConfigurationIsVisible = 0;
			defaultConfigurationName = Release;
		};
		1E2B5DCC1E1C94780062CB37 /* Build configuration list for PBXNativeTarget "EasyMOOC" */ = {
			isa = XCConfigurationList;
			buildConfigurations = (
				1E2B5DCD1E1C94780062CB37 /* Debug */,
				1E2B5DCE1E1C94780062CB37 /* Release */,
			);
			defaultConfigurationIsVisible = 0;
			defaultConfigurationName = Release;
		};
/* End XCConfigurationList section */

/* Begin XCVersionGroup section */
		1E2B5DC11E1C94780062CB37 /* EasyMOOC.xcdatamodeld */ = {
			isa = XCVersionGroup;
			children = (
				1E2B5DC21E1C94780062CB37 /* EasyMOOC.xcdatamodel */,
			);
			currentVersion = 1E2B5DC21E1C94780062CB37 /* EasyMOOC.xcdatamodel */;
			path = EasyMOOC.xcdatamodeld;
			sourceTree = "<group>";
			versionGroupType = wrapper.xcdatamodel;
		};
/* End XCVersionGroup section */
	};
	rootObject = 1E2B5DAF1E1C94780062CB37 /* Project object */;
}
